
Microsoft Visual Studio Solution File, Format Version 12.00
# Visual Studio Version 16
VisualStudioVersion = 16.0.31019.35
MinimumVisualStudioVersion = 10.0.40219.1
Project("{FAE04EC0-301F-11D3-BF4B-00C04F79EFBC}") = "AgileCoding.Extentions.Array", "AgileCoding.Extentions.Array\AgileCoding.Extentions.Array.csproj", "{509173FE-2D43-496A-B86A-D9426CBC7ED0}"
EndProject
Global
	GlobalSection(SolutionConfigurationPlatforms) = preSolution
		Debug|Any CPU = Debug|Any CPU
		Release|Any CPU = Release|Any CPU
	EndGlobalSection
	GlobalSection(ProjectConfigurationPlatforms) = postSolution
		{509173FE-2D43-496A-B86A-D9426CBC7ED0}.Debug|Any CPU.ActiveCfg = Debug|Any CPU
		{509173FE-2D43-496A-B86A-D9426CBC7ED0}.Debug|Any CPU.Build.0 = Debug|Any CPU
		{509173FE-2D43-496A-B86A-D9426CBC7ED0}.Release|Any CPU.ActiveCfg = Release|Any CPU
		{509173FE-2D43-496A-B86A-D9426CBC7ED0}.Release|Any CPU.Build.0 = Release|Any CPU
	EndGlobalSection
	GlobalSection(SolutionProperties) = preSolution
		HideSolutionNode = FALSE
	EndGlobalSection
	GlobalSection(ExtensibilityGlobals) = postSolution
		SolutionGuid = {50D37FC4-1B14-4AA6-ACD8-775462084C94}
	EndGlobalSection
EndGlobal
